
Microsoft Visual Studio Solution File, Format Version 12.00
# Visual Studio 14
VisualStudioVersion = 14.0.25420.1
MinimumVisualStudioVersion = 10.0.40219.1
Project("{FAE04EC0-301F-11D3-BF4B-00C04F79EFBC}") = "WindowsSystemDiffToolUI", "WindowsSystemDiffTool\WindowsSystemDiffToolUI.csproj", "{5A790CC8-060F-4A8B-AFEB-CD075D67CC67}"
EndProject
Project("{FAE04EC0-301F-11D3-BF4B-00C04F79EFBC}") = "WindowsSystemDiffToolsCore", "WindowsSystemDiffToolsCore\WindowsSystemDiffToolsCore.csproj", "{87E4859A-D7B0-4A84-A2D3-1D54F8B74568}"
EndProject
Project("{FAE04EC0-301F-11D3-BF4B-00C04F79EFBC}") = "InstalledPrograms32bitsScanner", "InstalledProgramsScanner\InstalledPrograms32bitsScanner.csproj", "{FEF52358-54C6-48A1-B894-A07D375640E0}"
EndProject
Project("{FAE04EC0-301F-11D3-BF4B-00C04F79EFBC}") = "InstalledPrograms64bitsScanner", "InstalledPrograms64bitsScanner\InstalledPrograms64bitsScanner.csproj", "{ABC65A7A-78DA-44EA-A079-CF4C212845AF}"
EndProject
Project("{FAE04EC0-301F-11D3-BF4B-00C04F79EFBC}") = "ServicesScanner", "ServicesScanner\ServicesScanner.csproj", "{D8BD7D79-05A3-49D2-98A2-E2386620ABA9}"
EndProject
Project("{FAE04EC0-301F-11D3-BF4B-00C04F79EFBC}") = "UserEnvironmentVariablesScanner", "UserEnvironmentVariablesScanner\UserEnvironmentVariablesScanner.csproj", "{D48547A2-58F7-4B54-9768-F44772B2E92A}"
EndProject
Project("{FAE04EC0-301F-11D3-BF4B-00C04F79EFBC}") = "SystemEnvironmentVariablesScanner", "SystemEnvironmentVariablesScanner\SystemEnvironmentVariablesScanner.csproj", "{4DC5B41D-4D6F-4ECD-B19D-2B1073A6E0FA}"
EndProject
Project("{FAE04EC0-301F-11D3-BF4B-00C04F79EFBC}") = "FreeDiskSpaceScanner", "FreeDiskSpaceScanner\FreeDiskSpaceScanner.csproj", "{07CC1B48-EEA2-430F-9160-1DCD6D7B1865}"
EndProject
Project("{FAE04EC0-301F-11D3-BF4B-00C04F79EFBC}") = "MyDocumentsScanner", "MyDocumentsScanner\MyDocumentsScanner.csproj", "{3816185E-5944-4924-BDF6-BFAC905A11FF}"
EndProject
Project("{FAE04EC0-301F-11D3-BF4B-00C04F79EFBC}") = "ScheduledTasksScanner", "ScheduledTasksScanner\ScheduledTasksScanner.csproj", "{F763530B-CA0E-4EA5-B1CC-D5B5C4ED4397}"
EndProject
Project("{FAE04EC0-301F-11D3-BF4B-00C04F79EFBC}") = "DiskRootScanner", "DiskRootScanner\DiskRootScanner.csproj", "{F2F3F137-BDF3-480E-B8BC-778695130404}"
EndProject
Project("{930C7802-8A8C-48F9-8165-68863BCCD9DD}") = "Installer", "Installer\Installer.wixproj", "{0263C1D9-DE70-4938-8452-4E3EEBF63AD2}"
EndProject
Project("{FAE04EC0-301F-11D3-BF4B-00C04F79EFBC}") = "OutlookAddinsScanner", "OutlookAddinsScanner\OutlookAddinsScanner.csproj", "{F98E9E06-A404-4CC3-BB2E-307DAE701663}"
EndProject
Project("{FAE04EC0-301F-11D3-BF4B-00C04F79EFBC}") = "WordAddinsScanner", "WordAddinsScanner\WordAddinsScanner.csproj", "{B904D8D9-DBDE-477C-A395-53A124D5ECCE}"
EndProject
Project("{FAE04EC0-301F-11D3-BF4B-00C04F79EFBC}") = "ExcelAddinsScanner", "ExcelAddinsScanner\ExcelAddinsScanner.csproj", "{EFC6D021-6407-47CE-AAFF-F7767DDAF423}"
EndProject
Global
	GlobalSection(SolutionConfigurationPlatforms) = preSolution
		Debug|Any CPU = Debug|Any CPU
		Debug|x64 = Debug|x64
		Debug|x86 = Debug|x86
		Release 2|Any CPU = Release 2|Any CPU
		Release 2|x64 = Release 2|x64
		Release 2|x86 = Release 2|x86
		Release|Any CPU = Release|Any CPU
		Release|x64 = Release|x64
		Release|x86 = Release|x86
	EndGlobalSection
	GlobalSection(ProjectConfigurationPlatforms) = postSolution
		{5A790CC8-060F-4A8B-AFEB-CD075D67CC67}.Debug|Any CPU.ActiveCfg = Debug|Any CPU
		{5A790CC8-060F-4A8B-AFEB-CD075D67CC67}.Debug|Any CPU.Build.0 = Debug|Any CPU
		{5A790CC8-060F-4A8B-AFEB-CD075D67CC67}.Debug|x64.ActiveCfg = Debug|Any CPU
		{5A790CC8-060F-4A8B-AFEB-CD075D67CC67}.Debug|x64.Build.0 = Debug|Any CPU
		{5A790CC8-060F-4A8B-AFEB-CD075D67CC67}.Debug|x86.ActiveCfg = Debug|x86
		{5A790CC8-060F-4A8B-AFEB-CD075D67CC67}.Debug|x86.Build.0 = Debug|x86
		{5A790CC8-060F-4A8B-AFEB-CD075D67CC67}.Release 2|Any CPU.ActiveCfg = Release 2|Any CPU
		{5A790CC8-060F-4A8B-AFEB-CD075D67CC67}.Release 2|Any CPU.Build.0 = Release 2|Any CPU
		{5A790CC8-060F-4A8B-AFEB-CD075D67CC67}.Release 2|x64.ActiveCfg = Release 2|Any CPU
		{5A790CC8-060F-4A8B-AFEB-CD075D67CC67}.Release 2|x64.Build.0 = Release 2|Any CPU
		{5A790CC8-060F-4A8B-AFEB-CD075D67CC67}.Release 2|x86.ActiveCfg = Release 2|x86
		{5A790CC8-060F-4A8B-AFEB-CD075D67CC67}.Release 2|x86.Build.0 = Release 2|x86
		{5A790CC8-060F-4A8B-AFEB-CD075D67CC67}.Release|Any CPU.ActiveCfg = Release|Any CPU
		{5A790CC8-060F-4A8B-AFEB-CD075D67CC67}.Release|Any CPU.Build.0 = Release|Any CPU
		{5A790CC8-060F-4A8B-AFEB-CD075D67CC67}.Release|x64.ActiveCfg = Release|Any CPU
		{5A790CC8-060F-4A8B-AFEB-CD075D67CC67}.Release|x64.Build.0 = Release|Any CPU
		{5A790CC8-060F-4A8B-AFEB-CD075D67CC67}.Release|x86.ActiveCfg = Release|x86
		{5A790CC8-060F-4A8B-AFEB-CD075D67CC67}.Release|x86.Build.0 = Release|x86
		{87E4859A-D7B0-4A84-A2D3-1D54F8B74568}.Debug|Any CPU.ActiveCfg = Debug|Any CPU
		{87E4859A-D7B0-4A84-A2D3-1D54F8B74568}.Debug|Any CPU.Build.0 = Debug|Any CPU
		{87E4859A-D7B0-4A84-A2D3-1D54F8B74568}.Debug|x64.ActiveCfg = Debug|Any CPU
		{87E4859A-D7B0-4A84-A2D3-1D54F8B74568}.Debug|x64.Build.0 = Debug|Any CPU
		{87E4859A-D7B0-4A84-A2D3-1D54F8B74568}.Debug|x86.ActiveCfg = Debug|x86
		{87E4859A-D7B0-4A84-A2D3-1D54F8B74568}.Debug|x86.Build.0 = Debug|x86
		{87E4859A-D7B0-4A84-A2D3-1D54F8B74568}.Release 2|Any CPU.ActiveCfg = Release 2|Any CPU
		{87E4859A-D7B0-4A84-A2D3-1D54F8B74568}.Release 2|Any CPU.Build.0 = Release 2|Any CPU
		{87E4859A-D7B0-4A84-A2D3-1D54F8B74568}.Release 2|x64.ActiveCfg = Release 2|Any CPU
		{87E4859A-D7B0-4A84-A2D3-1D54F8B74568}.Release 2|x64.Build.0 = Release 2|Any CPU
		{87E4859A-D7B0-4A84-A2D3-1D54F8B74568}.Release 2|x86.ActiveCfg = Release 2|x86
		{87E4859A-D7B0-4A84-A2D3-1D54F8B74568}.Release 2|x86.Build.0 = Release 2|x86
		{87E4859A-D7B0-4A84-A2D3-1D54F8B74568}.Release|Any CPU.ActiveCfg = Release|Any CPU
		{87E4859A-D7B0-4A84-A2D3-1D54F8B74568}.Release|Any CPU.Build.0 = Release|Any CPU
		{87E4859A-D7B0-4A84-A2D3-1D54F8B74568}.Release|x64.ActiveCfg = Release|Any CPU
		{87E4859A-D7B0-4A84-A2D3-1D54F8B74568}.Release|x64.Build.0 = Release|Any CPU
		{87E4859A-D7B0-4A84-A2D3-1D54F8B74568}.Release|x86.ActiveCfg = Release|x86
		{87E4859A-D7B0-4A84-A2D3-1D54F8B74568}.Release|x86.Build.0 = Release|x86
		{FEF52358-54C6-48A1-B894-A07D375640E0}.Debug|Any CPU.ActiveCfg = Debug|Any CPU
		{FEF52358-54C6-48A1-B894-A07D375640E0}.Debug|Any CPU.Build.0 = Debug|Any CPU
		{FEF52358-54C6-48A1-B894-A07D375640E0}.Debug|x64.ActiveCfg = Debug|Any CPU
		{FEF52358-54C6-48A1-B894-A07D375640E0}.Debug|x64.Build.0 = Debug|Any CPU
		{FEF52358-54C6-48A1-B894-A07D375640E0}.Debug|x86.ActiveCfg = Debug|x86
		{FEF52358-54C6-48A1-B894-A07D375640E0}.Debug|x86.Build.0 = Debug|x86
		{FEF52358-54C6-48A1-B894-A07D375640E0}.Release 2|Any CPU.ActiveCfg = Release 2|Any CPU
		{FEF52358-54C6-48A1-B894-A07D375640E0}.Release 2|Any CPU.Build.0 = Release 2|Any CPU
		{FEF52358-54C6-48A1-B894-A07D375640E0}.Release 2|x64.ActiveCfg = Release 2|x64
		{FEF52358-54C6-48A1-B894-A07D375640E0}.Release 2|x64.Build.0 = Release 2|x64
		{FEF52358-54C6-48A1-B894-A07D375640E0}.Release 2|x86.ActiveCfg = Release 2|x86
		{FEF52358-54C6-48A1-B894-A07D375640E0}.Release 2|x86.Build.0 = Release 2|x86
		{FEF52358-54C6-48A1-B894-A07D375640E0}.Release|Any CPU.ActiveCfg = Release|Any CPU
		{FEF52358-54C6-48A1-B894-A07D375640E0}.Release|Any CPU.Build.0 = Release|Any CPU
		{FEF52358-54C6-48A1-B894-A07D375640E0}.Release|x64.ActiveCfg = Release|Any CPU
		{FEF52358-54C6-48A1-B894-A07D375640E0}.Release|x64.Build.0 = Release|Any CPU
		{FEF52358-54C6-48A1-B894-A07D375640E0}.Release|x86.ActiveCfg = Release|x86
		{FEF52358-54C6-48A1-B894-A07D375640E0}.Release|x86.Build.0 = Release|x86
		{ABC65A7A-78DA-44EA-A079-CF4C212845AF}.Debug|Any CPU.ActiveCfg = Debug|Any CPU
		{ABC65A7A-78DA-44EA-A079-CF4C212845AF}.Debug|Any CPU.Build.0 = Debug|Any CPU
		{ABC65A7A-78DA-44EA-A079-CF4C212845AF}.Debug|x64.ActiveCfg = Debug|Any CPU
		{ABC65A7A-78DA-44EA-A079-CF4C212845AF}.Debug|x64.Build.0 = Debug|Any CPU
		{ABC65A7A-78DA-44EA-A079-CF4C212845AF}.Debug|x86.ActiveCfg = Debug|x86
		{ABC65A7A-78DA-44EA-A079-CF4C212845AF}.Debug|x86.Build.0 = Debug|x86
		{ABC65A7A-78DA-44EA-A079-CF4C212845AF}.Release 2|Any CPU.ActiveCfg = Release 2|Any CPU
		{ABC65A7A-78DA-44EA-A079-CF4C212845AF}.Release 2|Any CPU.Build.0 = Release 2|Any CPU
		{ABC65A7A-78DA-44EA-A079-CF4C212845AF}.Release 2|x64.ActiveCfg = Release 2|Any CPU
		{ABC65A7A-78DA-44EA-A079-CF4C212845AF}.Release 2|x64.Build.0 = Release 2|Any CPU
		{ABC65A7A-78DA-44EA-A079-CF4C212845AF}.Release 2|x86.ActiveCfg = Release 2|x86
		{ABC65A7A-78DA-44EA-A079-CF4C212845AF}.Release 2|x86.Build.0 = Release 2|x86
		{ABC65A7A-78DA-44EA-A079-CF4C212845AF}.Release|Any CPU.ActiveCfg = Release|Any CPU
		{ABC65A7A-78DA-44EA-A079-CF4C212845AF}.Release|Any CPU.Build.0 = Release|Any CPU
		{ABC65A7A-78DA-44EA-A079-CF4C212845AF}.Release|x64.ActiveCfg = Release|Any CPU
		{ABC65A7A-78DA-44EA-A079-CF4C212845AF}.Release|x64.Build.0 = Release|Any CPU
		{ABC65A7A-78DA-44EA-A079-CF4C212845AF}.Release|x86.ActiveCfg = Release|x86
		{ABC65A7A-78DA-44EA-A079-CF4C212845AF}.Release|x86.Build.0 = Release|x86
		{D8BD7D79-05A3-49D2-98A2-E2386620ABA9}.Debug|Any CPU.ActiveCfg = Debug|Any CPU
		{D8BD7D79-05A3-49D2-98A2-E2386620ABA9}.Debug|Any CPU.Build.0 = Debug|Any CPU
		{D8BD7D79-05A3-49D2-98A2-E2386620ABA9}.Debug|x64.ActiveCfg = Debug|Any CPU
		{D8BD7D79-05A3-49D2-98A2-E2386620ABA9}.Debug|x64.Build.0 = Debug|Any CPU
		{D8BD7D79-05A3-49D2-98A2-E2386620ABA9}.Debug|x86.ActiveCfg = Debug|x86
		{D8BD7D79-05A3-49D2-98A2-E2386620ABA9}.Debug|x86.Build.0 = Debug|x86
		{D8BD7D79-05A3-49D2-98A2-E2386620ABA9}.Release 2|Any CPU.ActiveCfg = Release 2|Any CPU
		{D8BD7D79-05A3-49D2-98A2-E2386620ABA9}.Release 2|Any CPU.Build.0 = Release 2|Any CPU
		{D8BD7D79-05A3-49D2-98A2-E2386620ABA9}.Release 2|x64.ActiveCfg = Release 2|Any CPU
		{D8BD7D79-05A3-49D2-98A2-E2386620ABA9}.Release 2|x64.Build.0 = Release 2|Any CPU
		{D8BD7D79-05A3-49D2-98A2-E2386620ABA9}.Release 2|x86.ActiveCfg = Release 2|x86
		{D8BD7D79-05A3-49D2-98A2-E2386620ABA9}.Release 2|x86.Build.0 = Release 2|x86
		{D8BD7D79-05A3-49D2-98A2-E2386620ABA9}.Release|Any CPU.ActiveCfg = Release|Any CPU
		{D8BD7D79-05A3-49D2-98A2-E2386620ABA9}.Release|Any CPU.Build.0 = Release|Any CPU
		{D8BD7D79-05A3-49D2-98A2-E2386620ABA9}.Release|x64.ActiveCfg = Release|Any CPU
		{D8BD7D79-05A3-49D2-98A2-E2386620ABA9}.Release|x64.Build.0 = Release|Any CPU
		{D8BD7D79-05A3-49D2-98A2-E2386620ABA9}.Release|x86.ActiveCfg = Release|x86
		{D8BD7D79-05A3-49D2-98A2-E2386620ABA9}.Release|x86.Build.0 = Release|x86
		{D48547A2-58F7-4B54-9768-F44772B2E92A}.Debug|Any CPU.ActiveCfg = Debug|Any CPU
		{D48547A2-58F7-4B54-9768-F44772B2E92A}.Debug|Any CPU.Build.0 = Debug|Any CPU
		{D48547A2-58F7-4B54-9768-F44772B2E92A}.Debug|x64.ActiveCfg = Debug|Any CPU
		{D48547A2-58F7-4B54-9768-F44772B2E92A}.Debug|x64.Build.0 = Debug|Any CPU
		{D48547A2-58F7-4B54-9768-F44772B2E92A}.Debug|x86.ActiveCfg = Debug|x86
		{D48547A2-58F7-4B54-9768-F44772B2E92A}.Debug|x86.Build.0 = Debug|x86
		{D48547A2-58F7-4B54-9768-F44772B2E92A}.Release 2|Any CPU.ActiveCfg = Release 2|Any CPU
		{D48547A2-58F7-4B54-9768-F44772B2E92A}.Release 2|Any CPU.Build.0 = Release 2|Any CPU
		{D48547A2-58F7-4B54-9768-F44772B2E92A}.Release 2|x64.ActiveCfg = Release 2|Any CPU
		{D48547A2-58F7-4B54-9768-F44772B2E92A}.Release 2|x64.Build.0 = Release 2|Any CPU
		{D48547A2-58F7-4B54-9768-F44772B2E92A}.Release 2|x86.ActiveCfg = Release 2|x86
		{D48547A2-58F7-4B54-9768-F44772B2E92A}.Release 2|x86.Build.0 = Release 2|x86
		{D48547A2-58F7-4B54-9768-F44772B2E92A}.Release|Any CPU.ActiveCfg = Release|Any CPU
		{D48547A2-58F7-4B54-9768-F44772B2E92A}.Release|Any CPU.Build.0 = Release|Any CPU
		{D48547A2-58F7-4B54-9768-F44772B2E92A}.Release|x64.ActiveCfg = Release|Any CPU
		{D48547A2-58F7-4B54-9768-F44772B2E92A}.Release|x64.Build.0 = Release|Any CPU
		{D48547A2-58F7-4B54-9768-F44772B2E92A}.Release|x86.ActiveCfg = Release|x86
		{D48547A2-58F7-4B54-9768-F44772B2E92A}.Release|x86.Build.0 = Release|x86
		{4DC5B41D-4D6F-4ECD-B19D-2B1073A6E0FA}.Debug|Any CPU.ActiveCfg = Debug|Any CPU
		{4DC5B41D-4D6F-4ECD-B19D-2B1073A6E0FA}.Debug|Any CPU.Build.0 = Debug|Any CPU
		{4DC5B41D-4D6F-4ECD-B19D-2B1073A6E0FA}.Debug|x64.ActiveCfg = Debug|Any CPU
		{4DC5B41D-4D6F-4ECD-B19D-2B1073A6E0FA}.Debug|x64.Build.0 = Debug|Any CPU
		{4DC5B41D-4D6F-4ECD-B19D-2B1073A6E0FA}.Debug|x86.ActiveCfg = Debug|x86
		{4DC5B41D-4D6F-4ECD-B19D-2B1073A6E0FA}.Debug|x86.Build.0 = Debug|x86
		{4DC5B41D-4D6F-4ECD-B19D-2B1073A6E0FA}.Release 2|Any CPU.ActiveCfg = Release 2|Any CPU
		{4DC5B41D-4D6F-4ECD-B19D-2B1073A6E0FA}.Release 2|Any CPU.Build.0 = Release 2|Any CPU
		{4DC5B41D-4D6F-4ECD-B19D-2B1073A6E0FA}.Release 2|x64.ActiveCfg = Release 2|Any CPU
		{4DC5B41D-4D6F-4ECD-B19D-2B1073A6E0FA}.Release 2|x64.Build.0 = Release 2|Any CPU
		{4DC5B41D-4D6F-4ECD-B19D-2B1073A6E0FA}.Release 2|x86.ActiveCfg = Release 2|x86
		{4DC5B41D-4D6F-4ECD-B19D-2B1073A6E0FA}.Release 2|x86.Build.0 = Release 2|x86
		{4DC5B41D-4D6F-4ECD-B19D-2B1073A6E0FA}.Release|Any CPU.ActiveCfg = Release|Any CPU
		{4DC5B41D-4D6F-4ECD-B19D-2B1073A6E0FA}.Release|Any CPU.Build.0 = Release|Any CPU
		{4DC5B41D-4D6F-4ECD-B19D-2B1073A6E0FA}.Release|x64.ActiveCfg = Release|Any CPU
		{4DC5B41D-4D6F-4ECD-B19D-2B1073A6E0FA}.Release|x64.Build.0 = Release|Any CPU
		{4DC5B41D-4D6F-4ECD-B19D-2B1073A6E0FA}.Release|x86.ActiveCfg = Release|x86
		{4DC5B41D-4D6F-4ECD-B19D-2B1073A6E0FA}.Release|x86.Build.0 = Release|x86
		{07CC1B48-EEA2-430F-9160-1DCD6D7B1865}.Debug|Any CPU.ActiveCfg = Debug|Any CPU
		{07CC1B48-EEA2-430F-9160-1DCD6D7B1865}.Debug|Any CPU.Build.0 = Debug|Any CPU
		{07CC1B48-EEA2-430F-9160-1DCD6D7B1865}.Debug|x64.ActiveCfg = Debug|Any CPU
		{07CC1B48-EEA2-430F-9160-1DCD6D7B1865}.Debug|x64.Build.0 = Debug|Any CPU
		{07CC1B48-EEA2-430F-9160-1DCD6D7B1865}.Debug|x86.ActiveCfg = Debug|x86
		{07CC1B48-EEA2-430F-9160-1DCD6D7B1865}.Debug|x86.Build.0 = Debug|x86
		{07CC1B48-EEA2-430F-9160-1DCD6D7B1865}.Release 2|Any CPU.ActiveCfg = Release 2|Any CPU
		{07CC1B48-EEA2-430F-9160-1DCD6D7B1865}.Release 2|Any CPU.Build.0 = Release 2|Any CPU
		{07CC1B48-EEA2-430F-9160-1DCD6D7B1865}.Release 2|x64.ActiveCfg = Release 2|Any CPU
		{07CC1B48-EEA2-430F-9160-1DCD6D7B1865}.Release 2|x64.Build.0 = Release 2|Any CPU
		{07CC1B48-EEA2-430F-9160-1DCD6D7B1865}.Release 2|x86.ActiveCfg = Release 2|x86
		{07CC1B48-EEA2-430F-9160-1DCD6D7B1865}.Release 2|x86.Build.0 = Release 2|x86
		{07CC1B48-EEA2-430F-9160-1DCD6D7B1865}.Release|Any CPU.ActiveCfg = Release|Any CPU
		{07CC1B48-EEA2-430F-9160-1DCD6D7B1865}.Release|Any CPU.Build.0 = Release|Any CPU
		{07CC1B48-EEA2-430F-9160-1DCD6D7B1865}.Release|x64.ActiveCfg = Release|Any CPU
		{07CC1B48-EEA2-430F-9160-1DCD6D7B1865}.Release|x64.Build.0 = Release|Any CPU
		{07CC1B48-EEA2-430F-9160-1DCD6D7B1865}.Release|x86.ActiveCfg = Release|x86
		{07CC1B48-EEA2-430F-9160-1DCD6D7B1865}.Release|x86.Build.0 = Release|x86
		{3816185E-5944-4924-BDF6-BFAC905A11FF}.Debug|Any CPU.ActiveCfg = Debug|Any CPU
		{3816185E-5944-4924-BDF6-BFAC905A11FF}.Debug|Any CPU.Build.0 = Debug|Any CPU
		{3816185E-5944-4924-BDF6-BFAC905A11FF}.Debug|x64.ActiveCfg = Debug|Any CPU
		{3816185E-5944-4924-BDF6-BFAC905A11FF}.Debug|x64.Build.0 = Debug|Any CPU
		{3816185E-5944-4924-BDF6-BFAC905A11FF}.Debug|x86.ActiveCfg = Debug|Any CPU
		{3816185E-5944-4924-BDF6-BFAC905A11FF}.Debug|x86.Build.0 = Debug|Any CPU
		{3816185E-5944-4924-BDF6-BFAC905A11FF}.Release 2|Any CPU.ActiveCfg = Release|Any CPU
		{3816185E-5944-4924-BDF6-BFAC905A11FF}.Release 2|Any CPU.Build.0 = Release|Any CPU
		{3816185E-5944-4924-BDF6-BFAC905A11FF}.Release 2|x64.ActiveCfg = Release|Any CPU
		{3816185E-5944-4924-BDF6-BFAC905A11FF}.Release 2|x64.Build.0 = Release|Any CPU
		{3816185E-5944-4924-BDF6-BFAC905A11FF}.Release 2|x86.ActiveCfg = Release|Any CPU
		{3816185E-5944-4924-BDF6-BFAC905A11FF}.Release 2|x86.Build.0 = Release|Any CPU
		{3816185E-5944-4924-BDF6-BFAC905A11FF}.Release|Any CPU.ActiveCfg = Release|Any CPU
		{3816185E-5944-4924-BDF6-BFAC905A11FF}.Release|Any CPU.Build.0 = Release|Any CPU
		{3816185E-5944-4924-BDF6-BFAC905A11FF}.Release|x64.ActiveCfg = Release|Any CPU
		{3816185E-5944-4924-BDF6-BFAC905A11FF}.Release|x64.Build.0 = Release|Any CPU
		{3816185E-5944-4924-BDF6-BFAC905A11FF}.Release|x86.ActiveCfg = Release|Any CPU
		{3816185E-5944-4924-BDF6-BFAC905A11FF}.Release|x86.Build.0 = Release|Any CPU
		{F763530B-CA0E-4EA5-B1CC-D5B5C4ED4397}.Debug|Any CPU.ActiveCfg = Debug|Any CPU
		{F763530B-CA0E-4EA5-B1CC-D5B5C4ED4397}.Debug|Any CPU.Build.0 = Debug|Any CPU
		{F763530B-CA0E-4EA5-B1CC-D5B5C4ED4397}.Debug|x64.ActiveCfg = Debug|Any CPU
		{F763530B-CA0E-4EA5-B1CC-D5B5C4ED4397}.Debug|x64.Build.0 = Debug|Any CPU
		{F763530B-CA0E-4EA5-B1CC-D5B5C4ED4397}.Debug|x86.ActiveCfg = Debug|Any CPU
		{F763530B-CA0E-4EA5-B1CC-D5B5C4ED4397}.Debug|x86.Build.0 = Debug|Any CPU
		{F763530B-CA0E-4EA5-B1CC-D5B5C4ED4397}.Release 2|Any CPU.ActiveCfg = Release|Any CPU
		{F763530B-CA0E-4EA5-B1CC-D5B5C4ED4397}.Release 2|Any CPU.Build.0 = Release|Any CPU
		{F763530B-CA0E-4EA5-B1CC-D5B5C4ED4397}.Release 2|x64.ActiveCfg = Release|Any CPU
		{F763530B-CA0E-4EA5-B1CC-D5B5C4ED4397}.Release 2|x64.Build.0 = Release|Any CPU
		{F763530B-CA0E-4EA5-B1CC-D5B5C4ED4397}.Release 2|x86.ActiveCfg = Release|Any CPU
		{F763530B-CA0E-4EA5-B1CC-D5B5C4ED4397}.Release 2|x86.Build.0 = Release|Any CPU
		{F763530B-CA0E-4EA5-B1CC-D5B5C4ED4397}.Release|Any CPU.ActiveCfg = Release|Any CPU
		{F763530B-CA0E-4EA5-B1CC-D5B5C4ED4397}.Release|Any CPU.Build.0 = Release|Any CPU
		{F763530B-CA0E-4EA5-B1CC-D5B5C4ED4397}.Release|x64.ActiveCfg = Release|Any CPU
		{F763530B-CA0E-4EA5-B1CC-D5B5C4ED4397}.Release|x64.Build.0 = Release|Any CPU
		{F763530B-CA0E-4EA5-B1CC-D5B5C4ED4397}.Release|x86.ActiveCfg = Release|Any CPU
		{F763530B-CA0E-4EA5-B1CC-D5B5C4ED4397}.Release|x86.Build.0 = Release|Any CPU
		{F2F3F137-BDF3-480E-B8BC-778695130404}.Debug|Any CPU.ActiveCfg = Debug|Any CPU
		{F2F3F137-BDF3-480E-B8BC-778695130404}.Debug|Any CPU.Build.0 = Debug|Any CPU
		{F2F3F137-BDF3-480E-B8BC-778695130404}.Debug|x64.ActiveCfg = Debug|Any CPU
		{F2F3F137-BDF3-480E-B8BC-778695130404}.Debug|x64.Build.0 = Debug|Any CPU
		{F2F3F137-BDF3-480E-B8BC-778695130404}.Debug|x86.ActiveCfg = Debug|Any CPU
		{F2F3F137-BDF3-480E-B8BC-778695130404}.Debug|x86.Build.0 = Debug|Any CPU
		{F2F3F137-BDF3-480E-B8BC-778695130404}.Release 2|Any CPU.ActiveCfg = Release|Any CPU
		{F2F3F137-BDF3-480E-B8BC-778695130404}.Release 2|Any CPU.Build.0 = Release|Any CPU
		{F2F3F137-BDF3-480E-B8BC-778695130404}.Release 2|x64.ActiveCfg = Release|Any CPU
		{F2F3F137-BDF3-480E-B8BC-778695130404}.Release 2|x64.Build.0 = Release|Any CPU
		{F2F3F137-BDF3-480E-B8BC-778695130404}.Release 2|x86.ActiveCfg = Release|Any CPU
		{F2F3F137-BDF3-480E-B8BC-778695130404}.Release 2|x86.Build.0 = Release|Any CPU
		{F2F3F137-BDF3-480E-B8BC-778695130404}.Release|Any CPU.ActiveCfg = Release|Any CPU
		{F2F3F137-BDF3-480E-B8BC-778695130404}.Release|Any CPU.Build.0 = Release|Any CPU
		{F2F3F137-BDF3-480E-B8BC-778695130404}.Release|x64.ActiveCfg = Release|Any CPU
		{F2F3F137-BDF3-480E-B8BC-778695130404}.Release|x64.Build.0 = Release|Any CPU
		{F2F3F137-BDF3-480E-B8BC-778695130404}.Release|x86.ActiveCfg = Release|Any CPU
		{F2F3F137-BDF3-480E-B8BC-778695130404}.Release|x86.Build.0 = Release|Any CPU
		{0263C1D9-DE70-4938-8452-4E3EEBF63AD2}.Debug|Any CPU.ActiveCfg = Debug|x86
		{0263C1D9-DE70-4938-8452-4E3EEBF63AD2}.Debug|x64.ActiveCfg = Debug|x86
		{0263C1D9-DE70-4938-8452-4E3EEBF63AD2}.Debug|x86.ActiveCfg = Debug|x86
		{0263C1D9-DE70-4938-8452-4E3EEBF63AD2}.Debug|x86.Build.0 = Debug|x86
		{0263C1D9-DE70-4938-8452-4E3EEBF63AD2}.Release 2|Any CPU.ActiveCfg = Release|x86
		{0263C1D9-DE70-4938-8452-4E3EEBF63AD2}.Release 2|Any CPU.Build.0 = Release|x86
		{0263C1D9-DE70-4938-8452-4E3EEBF63AD2}.Release 2|x64.ActiveCfg = Release|x86
		{0263C1D9-DE70-4938-8452-4E3EEBF63AD2}.Release 2|x64.Build.0 = Release|x86
		{0263C1D9-DE70-4938-8452-4E3EEBF63AD2}.Release 2|x86.ActiveCfg = Release|x86
		{0263C1D9-DE70-4938-8452-4E3EEBF63AD2}.Release 2|x86.Build.0 = Release|x86
		{0263C1D9-DE70-4938-8452-4E3EEBF63AD2}.Release|Any CPU.ActiveCfg = Release|x86
		{0263C1D9-DE70-4938-8452-4E3EEBF63AD2}.Release|x64.ActiveCfg = Release|x86
		{0263C1D9-DE70-4938-8452-4E3EEBF63AD2}.Release|x86.ActiveCfg = Release|x86
		{0263C1D9-DE70-4938-8452-4E3EEBF63AD2}.Release|x86.Build.0 = Release|x86
		{F98E9E06-A404-4CC3-BB2E-307DAE701663}.Debug|Any CPU.ActiveCfg = Debug|Any CPU
		{F98E9E06-A404-4CC3-BB2E-307DAE701663}.Debug|Any CPU.Build.0 = Debug|Any CPU
		{F98E9E06-A404-4CC3-BB2E-307DAE701663}.Debug|x64.ActiveCfg = Debug|Any CPU
		{F98E9E06-A404-4CC3-BB2E-307DAE701663}.Debug|x64.Build.0 = Debug|Any CPU
		{F98E9E06-A404-4CC3-BB2E-307DAE701663}.Debug|x86.ActiveCfg = Debug|Any CPU
		{F98E9E06-A404-4CC3-BB2E-307DAE701663}.Debug|x86.Build.0 = Debug|Any CPU
		{F98E9E06-A404-4CC3-BB2E-307DAE701663}.Release 2|Any CPU.ActiveCfg = Release|Any CPU
		{F98E9E06-A404-4CC3-BB2E-307DAE701663}.Release 2|Any CPU.Build.0 = Release|Any CPU
		{F98E9E06-A404-4CC3-BB2E-307DAE701663}.Release 2|x64.ActiveCfg = Release|Any CPU
		{F98E9E06-A404-4CC3-BB2E-307DAE701663}.Release 2|x64.Build.0 = Release|Any CPU
		{F98E9E06-A404-4CC3-BB2E-307DAE701663}.Release 2|x86.ActiveCfg = Release|Any CPU
		{F98E9E06-A404-4CC3-BB2E-307DAE701663}.Release 2|x86.Build.0 = Release|Any CPU
		{F98E9E06-A404-4CC3-BB2E-307DAE701663}.Release|Any CPU.ActiveCfg = Release|Any CPU
		{F98E9E06-A404-4CC3-BB2E-307DAE701663}.Release|Any CPU.Build.0 = Release|Any CPU
		{F98E9E06-A404-4CC3-BB2E-307DAE701663}.Release|x64.ActiveCfg = Release|Any CPU
		{F98E9E06-A404-4CC3-BB2E-307DAE701663}.Release|x64.Build.0 = Release|Any CPU
		{F98E9E06-A404-4CC3-BB2E-307DAE701663}.Release|x86.ActiveCfg = Release|Any CPU
		{F98E9E06-A404-4CC3-BB2E-307DAE701663}.Release|x86.Build.0 = Release|Any CPU
		{B904D8D9-DBDE-477C-A395-53A124D5ECCE}.Debug|Any CPU.ActiveCfg = Debug|Any CPU
		{B904D8D9-DBDE-477C-A395-53A124D5ECCE}.Debug|Any CPU.Build.0 = Debug|Any CPU
		{B904D8D9-DBDE-477C-A395-53A124D5ECCE}.Debug|x64.ActiveCfg = Debug|Any CPU
		{B904D8D9-DBDE-477C-A395-53A124D5ECCE}.Debug|x64.Build.0 = Debug|Any CPU
		{B904D8D9-DBDE-477C-A395-53A124D5ECCE}.Debug|x86.ActiveCfg = Debug|Any CPU
		{B904D8D9-DBDE-477C-A395-53A124D5ECCE}.Debug|x86.Build.0 = Debug|Any CPU
		{B904D8D9-DBDE-477C-A395-53A124D5ECCE}.Release 2|Any CPU.ActiveCfg = Release|Any CPU
		{B904D8D9-DBDE-477C-A395-53A124D5ECCE}.Release 2|Any CPU.Build.0 = Release|Any CPU
		{B904D8D9-DBDE-477C-A395-53A124D5ECCE}.Release 2|x64.ActiveCfg = Release|Any CPU
		{B904D8D9-DBDE-477C-A395-53A124D5ECCE}.Release 2|x64.Build.0 = Release|Any CPU
		{B904D8D9-DBDE-477C-A395-53A124D5ECCE}.Release 2|x86.ActiveCfg = Release|Any CPU
		{B904D8D9-DBDE-477C-A395-53A124D5ECCE}.Release 2|x86.Build.0 = Release|Any CPU
		{B904D8D9-DBDE-477C-A395-53A124D5ECCE}.Release|Any CPU.ActiveCfg = Release|Any CPU
		{B904D8D9-DBDE-477C-A395-53A124D5ECCE}.Release|Any CPU.Build.0 = Release|Any CPU
		{B904D8D9-DBDE-477C-A395-53A124D5ECCE}.Release|x64.ActiveCfg = Release|Any CPU
		{B904D8D9-DBDE-477C-A395-53A124D5ECCE}.Release|x64.Build.0 = Release|Any CPU
		{B904D8D9-DBDE-477C-A395-53A124D5ECCE}.Release|x86.ActiveCfg = Release|Any CPU
		{B904D8D9-DBDE-477C-A395-53A124D5ECCE}.Release|x86.Build.0 = Release|Any CPU
		{EFC6D021-6407-47CE-AAFF-F7767DDAF423}.Debug|Any CPU.ActiveCfg = Debug|Any CPU
		{EFC6D021-6407-47CE-AAFF-F7767DDAF423}.Debug|Any CPU.Build.0 = Debug|Any CPU
		{EFC6D021-6407-47CE-AAFF-F7767DDAF423}.Debug|x64.ActiveCfg = Debug|Any CPU
		{EFC6D021-6407-47CE-AAFF-F7767DDAF423}.Debug|x64.Build.0 = Debug|Any CPU
		{EFC6D021-6407-47CE-AAFF-F7767DDAF423}.Debug|x86.ActiveCfg = Debug|Any CPU
		{EFC6D021-6407-47CE-AAFF-F7767DDAF423}.Debug|x86.Build.0 = Debug|Any CPU
		{EFC6D021-6407-47CE-AAFF-F7767DDAF423}.Release 2|Any CPU.ActiveCfg = Release|Any CPU
		{EFC6D021-6407-47CE-AAFF-F7767DDAF423}.Release 2|Any CPU.Build.0 = Release|Any CPU
		{EFC6D021-6407-47CE-AAFF-F7767DDAF423}.Release 2|x64.ActiveCfg = Release|Any CPU
		{EFC6D021-6407-47CE-AAFF-F7767DDAF423}.Release 2|x64.Build.0 = Release|Any CPU
		{EFC6D021-6407-47CE-AAFF-F7767DDAF423}.Release 2|x86.ActiveCfg = Release|Any CPU
		{EFC6D021-6407-47CE-AAFF-F7767DDAF423}.Release 2|x86.Build.0 = Release|Any CPU
		{EFC6D021-6407-47CE-AAFF-F7767DDAF423}.Release|Any CPU.ActiveCfg = Release|Any CPU
		{EFC6D021-6407-47CE-AAFF-F7767DDAF423}.Release|Any CPU.Build.0 = Release|Any CPU
		{EFC6D021-6407-47CE-AAFF-F7767DDAF423}.Release|x64.ActiveCfg = Release|Any CPU
		{EFC6D021-6407-47CE-AAFF-F7767DDAF423}.Release|x64.Build.0 = Release|Any CPU
		{EFC6D021-6407-47CE-AAFF-F7767DDAF423}.Release|x86.ActiveCfg = Release|Any CPU
		{EFC6D021-6407-47CE-AAFF-F7767DDAF423}.Release|x86.Build.0 = Release|Any CPU
	EndGlobalSection
	GlobalSection(SolutionProperties) = preSolution
		HideSolutionNode = FALSE
	EndGlobalSection
EndGlobal
